{
  "name": "testnpm",
  "version": "1.0.0",
  "lockfileVersion": 2,
  "requires": true,
  "packages": {
    "": {
      "name": "testnpm",
      "version": "1.0.0",
      "license": "ISC",
      "dependencies": {
        "corejs": "^1.0.0"
      }
    },
    "node_modules/corejs": {
      "version": "1.0.0",
      "resolved": "https://registry.npmjs.org/corejs/-/corejs-1.0.0.tgz",
      "integrity": "sha1-bRk1G+a7heyWxg/WnJzgh60/DWY="
    }
  },
  "dependencies": {
    "corejs": {
      "version": "1.0.0",
      "resolved": "https://registry.npmjs.org/corejs/-/corejs-1.0.0.tgz",
      "integrity": "sha1-bRk1G+a7heyWxg/WnJzgh60/DWY="
    }
  }
}
